
Microsoft Visual Studio Solution File, Format Version 12.00
# Visual Studio 15
VisualStudioVersion = 15.0.28307.1525
MinimumVisualStudioVersion = 10.0.40219.1
Project("{FAE04EC0-301F-11D3-BF4B-00C04F79EFBC}") = "sel", "sel\sel.csproj", "{CD5AFA30-1158-4CF4-8A49-7606AD714731}"
EndProject
Project("{FAE04EC0-301F-11D3-BF4B-00C04F79EFBC}") = "tables", "tables\tables.csproj", "{377737E2-1B04-4A9C-9310-2362CA1118B1}"
EndProject
Global
	GlobalSection(SolutionConfigurationPlatforms) = preSolution
		Debug|Any CPU = Debug|Any CPU
		Release|Any CPU = Release|Any CPU
	EndGlobalSection
	GlobalSection(ProjectConfigurationPlatforms) = postSolution
		{CD5AFA30-1158-4CF4-8A49-7606AD714731}.Debug|Any CPU.ActiveCfg = Debug|Any CPU
		{CD5AFA30-1158-4CF4-8A49-7606AD714731}.Debug|Any CPU.Build.0 = Debug|Any CPU
		{CD5AFA30-1158-4CF4-8A49-7606AD714731}.Release|Any CPU.ActiveCfg = Release|Any CPU
		{CD5AFA30-1158-4CF4-8A49-7606AD714731}.Release|Any CPU.Build.0 = Release|Any CPU
		{377737E2-1B04-4A9C-9310-2362CA1118B1}.Debug|Any CPU.ActiveCfg = Debug|Any CPU
		{377737E2-1B04-4A9C-9310-2362CA1118B1}.Debug|Any CPU.Build.0 = Debug|Any CPU
		{377737E2-1B04-4A9C-9310-2362CA1118B1}.Release|Any CPU.ActiveCfg = Release|Any CPU
		{377737E2-1B04-4A9C-9310-2362CA1118B1}.Release|Any CPU.Build.0 = Release|Any CPU
	EndGlobalSection
	GlobalSection(SolutionProperties) = preSolution
		HideSolutionNode = FALSE
	EndGlobalSection
	GlobalSection(ExtensibilityGlobals) = postSolution
		SolutionGuid = {25A5770E-51A6-4271-8726-27DE5BC0F531}
	EndGlobalSection
EndGlobal
